
Microsoft Visual Studio Solution File, Format Version 12.00
# Visual Studio Version 16
VisualStudioVersion = 16.0.30804.86
MinimumVisualStudioVersion = 10.0.40219.1
Project("{FAE04EC0-301F-11D3-BF4B-00C04F79EFBC}") = "Yawp", "Yawp\Yawp.csproj", "{34DB6AD4-3063-4759-991C-15A0097F71A1}"
EndProject
Global
	GlobalSection(SolutionConfigurationPlatforms) = preSolution
		Debug|Any CPU = Debug|Any CPU
		Release|Any CPU = Release|Any CPU
	EndGlobalSection
	GlobalSection(ProjectConfigurationPlatforms) = postSolution
		{34DB6AD4-3063-4759-991C-15A0097F71A1}.Debug|Any CPU.ActiveCfg = Debug|Any CPU
		{34DB6AD4-3063-4759-991C-15A0097F71A1}.Debug|Any CPU.Build.0 = Debug|Any CPU
		{34DB6AD4-3063-4759-991C-15A0097F71A1}.Release|Any CPU.ActiveCfg = Release|Any CPU
		{34DB6AD4-3063-4759-991C-15A0097F71A1}.Release|Any CPU.Build.0 = Release|Any CPU
	EndGlobalSection
	GlobalSection(SolutionProperties) = preSolution
		HideSolutionNode = FALSE
	EndGlobalSection
	GlobalSection(ExtensibilityGlobals) = postSolution
		SolutionGuid = {0F6D9FF2-64C7-4137-A705-C4B1D3B348E9}
	EndGlobalSection
EndGlobal
